Microsoft Visual Studio Solution File, Format Version 12.00
# Visual Studio 15
VisualStudioVersion = 15.0.26730.16
MinimumVisualStudioVersion = 10.0.40219.1
Project("{9A19103F-16F7-4668-BE54-9A1E7A4F7556}") = "ServiceComposer.AspNetCore", "ServiceComposer.AspNetCore\ServiceComposer.AspNetCore.csproj", "{5D70C2D3-7F78-48E6-8EB9-BC8E85B850D1}"
EndProject
Project("{FAE04EC0-301F-11D3-BF4B-00C04F79EFBC}") = "ServiceComposer.AspNetCore.Tests", "ServiceComposer.AspNetCore.Tests\ServiceComposer.AspNetCore.Tests.csproj", "{37843543-9921-4A2E-A62E-EC64E08A8BA6}"
EndProject
Project("{FAE04EC0-301F-11D3-BF4B-00C04F79EFBC}") = "TestClassLibraryWithHandlers", "TestClassLibraryWithHandlers\TestClassLibraryWithHandlers.csproj", "{138F9349-BE91-43F9-BADE-1FE88B7FCC84}"
EndProject
Project("{FAE04EC0-301F-11D3-BF4B-00C04F79EFBC}") = "Snippets.NetCore3x", "Snippets.NetCore3x\Snippets.NetCore3x.csproj", "{AB49C808-380F-4871-96DC-6DB2914AA100}"
EndProject
Project("{FAE04EC0-301F-11D3-BF4B-00C04F79EFBC}") = "Snippets.NetCore2x", "Snippets.NetCore2x\Snippets.NetCore2x.csproj", "{C2C54E84-5D65-4135-8EC9-9DCDF552CBA8}"
EndProject
Global
	GlobalSection(SolutionConfigurationPlatforms) = preSolution
		Debug|Any CPU = Debug|Any CPU
		Release|Any CPU = Release|Any CPU
	EndGlobalSection
	GlobalSection(ProjectConfigurationPlatforms) = postSolution
		{5D70C2D3-7F78-48E6-8EB9-BC8E85B850D1}.Debug|Any CPU.ActiveCfg = Debug|Any CPU
		{5D70C2D3-7F78-48E6-8EB9-BC8E85B850D1}.Debug|Any CPU.Build.0 = Debug|Any CPU
		{5D70C2D3-7F78-48E6-8EB9-BC8E85B850D1}.Release|Any CPU.ActiveCfg = Release|Any CPU
		{5D70C2D3-7F78-48E6-8EB9-BC8E85B850D1}.Release|Any CPU.Build.0 = Release|Any CPU
		{37843543-9921-4A2E-A62E-EC64E08A8BA6}.Debug|Any CPU.ActiveCfg = Debug|Any CPU
		{37843543-9921-4A2E-A62E-EC64E08A8BA6}.Debug|Any CPU.Build.0 = Debug|Any CPU
		{37843543-9921-4A2E-A62E-EC64E08A8BA6}.Release|Any CPU.ActiveCfg = Release|Any CPU
		{37843543-9921-4A2E-A62E-EC64E08A8BA6}.Release|Any CPU.Build.0 = Release|Any CPU
		{138F9349-BE91-43F9-BADE-1FE88B7FCC84}.Debug|Any CPU.ActiveCfg = Debug|Any CPU
		{138F9349-BE91-43F9-BADE-1FE88B7FCC84}.Debug|Any CPU.Build.0 = Debug|Any CPU
		{138F9349-BE91-43F9-BADE-1FE88B7FCC84}.Release|Any CPU.ActiveCfg = Release|Any CPU
		{138F9349-BE91-43F9-BADE-1FE88B7FCC84}.Release|Any CPU.Build.0 = Release|Any CPU
		{AB49C808-380F-4871-96DC-6DB2914AA100}.Debug|Any CPU.ActiveCfg = Debug|Any CPU
		{AB49C808-380F-4871-96DC-6DB2914AA100}.Debug|Any CPU.Build.0 = Debug|Any CPU
		{AB49C808-380F-4871-96DC-6DB2914AA100}.Release|Any CPU.ActiveCfg = Release|Any CPU
		{AB49C808-380F-4871-96DC-6DB2914AA100}.Release|Any CPU.Build.0 = Release|Any CPU
		{C2C54E84-5D65-4135-8EC9-9DCDF552CBA8}.Debug|Any CPU.ActiveCfg = Debug|Any CPU
		{C2C54E84-5D65-4135-8EC9-9DCDF552CBA8}.Debug|Any CPU.Build.0 = Debug|Any CPU
		{C2C54E84-5D65-4135-8EC9-9DCDF552CBA8}.Release|Any CPU.ActiveCfg = Release|Any CPU
		{C2C54E84-5D65-4135-8EC9-9DCDF552CBA8}.Release|Any CPU.Build.0 = Release|Any CPU
	EndGlobalSection
	GlobalSection(SolutionProperties) = preSolution
		HideSolutionNode = FALSE
	EndGlobalSection
	GlobalSection(ExtensibilityGlobals) = postSolution
		SolutionGuid = {F1E91020-9272-4261-9A94-79C9D1B91447}
	EndGlobalSection
EndGlobal
