Microsoft Visual Studio Solution File, Format Version 12.00
# Visual Studio Version 17
VisualStudioVersion = 17.0.31912.275
MinimumVisualStudioVersion = 10.0.40219.1
Project("{9A19103F-16F7-4668-BE54-9A1E7A4F7556}") = "ServiceComposer.AspNetCore", "ServiceComposer.AspNetCore\ServiceComposer.AspNetCore.csproj", "{5D70C2D3-7F78-48E6-8EB9-BC8E85B850D1}"
EndProject
Project("{9A19103F-16F7-4668-BE54-9A1E7A4F7556}") = "TestClassLibraryWithHandlers", "TestClassLibraryWithHandlers\TestClassLibraryWithHandlers.csproj", "{138F9349-BE91-43F9-BADE-1FE88B7FCC84}"
EndProject
Project("{9A19103F-16F7-4668-BE54-9A1E7A4F7556}") = "ServiceComposer.AspNetCore.Tests", "ServiceComposer.AspNetCore.Tests\ServiceComposer.AspNetCore.Tests.csproj", "{C4DB74A3-854B-46D1-B4B7-176BEB304E92}"
EndProject
Project("{9A19103F-16F7-4668-BE54-9A1E7A4F7556}") = "Snippets", "Snippets\Snippets.csproj", "{5AC48B68-BFB3-451F-8165-367A3D6FA4FD}"
EndProject
Project("{FAE04EC0-301F-11D3-BF4B-00C04F79EFBC}") = "ServiceComposer.AspNetCore.SourceGeneration", "ServiceComposer.AspNetCore.SourceGeneration\ServiceComposer.AspNetCore.SourceGeneration.csproj", "{AB24BA80-141D-4E25-BAF4-C716B90E0451}"
EndProject
Project("{FAE04EC0-301F-11D3-BF4B-00C04F79EFBC}") = "HandlersSyntaxPlayground", "HandlersSyntaxPlayground\HandlersSyntaxPlayground.csproj", "{A2DCEB44-1496-402C-9E3F-A56EB13C6723}"
EndProject
Project("{FAE04EC0-301F-11D3-BF4B-00C04F79EFBC}") = "ServiceComposer.AspNetCore.SourceGeneration.Tests", "ServiceComposer.AspNetCore.SourceGeneration.Tests\ServiceComposer.AspNetCore.SourceGeneration.Tests.csproj", "{BEF14607-169A-4821-B2BF-AF2FEED4F6EE}"
EndProject
Global
	GlobalSection(SolutionConfigurationPlatforms) = preSolution
		Debug|Any CPU = Debug|Any CPU
		Release|Any CPU = Release|Any CPU
	EndGlobalSection
	GlobalSection(ProjectConfigurationPlatforms) = postSolution
		{5D70C2D3-7F78-48E6-8EB9-BC8E85B850D1}.Debug|Any CPU.ActiveCfg = Debug|Any CPU
		{5D70C2D3-7F78-48E6-8EB9-BC8E85B850D1}.Debug|Any CPU.Build.0 = Debug|Any CPU
		{5D70C2D3-7F78-48E6-8EB9-BC8E85B850D1}.Release|Any CPU.ActiveCfg = Release|Any CPU
		{5D70C2D3-7F78-48E6-8EB9-BC8E85B850D1}.Release|Any CPU.Build.0 = Release|Any CPU
		{138F9349-BE91-43F9-BADE-1FE88B7FCC84}.Debug|Any CPU.ActiveCfg = Debug|Any CPU
		{138F9349-BE91-43F9-BADE-1FE88B7FCC84}.Debug|Any CPU.Build.0 = Debug|Any CPU
		{138F9349-BE91-43F9-BADE-1FE88B7FCC84}.Release|Any CPU.ActiveCfg = Release|Any CPU
		{138F9349-BE91-43F9-BADE-1FE88B7FCC84}.Release|Any CPU.Build.0 = Release|Any CPU
		{C4DB74A3-854B-46D1-B4B7-176BEB304E92}.Debug|Any CPU.ActiveCfg = Debug|Any CPU
		{C4DB74A3-854B-46D1-B4B7-176BEB304E92}.Debug|Any CPU.Build.0 = Debug|Any CPU
		{C4DB74A3-854B-46D1-B4B7-176BEB304E92}.Release|Any CPU.ActiveCfg = Release|Any CPU
		{C4DB74A3-854B-46D1-B4B7-176BEB304E92}.Release|Any CPU.Build.0 = Release|Any CPU
		{5AC48B68-BFB3-451F-8165-367A3D6FA4FD}.Debug|Any CPU.ActiveCfg = Debug|Any CPU
		{5AC48B68-BFB3-451F-8165-367A3D6FA4FD}.Debug|Any CPU.Build.0 = Debug|Any CPU
		{5AC48B68-BFB3-451F-8165-367A3D6FA4FD}.Release|Any CPU.ActiveCfg = Release|Any CPU
		{5AC48B68-BFB3-451F-8165-367A3D6FA4FD}.Release|Any CPU.Build.0 = Release|Any CPU
		{AB24BA80-141D-4E25-BAF4-C716B90E0451}.Debug|Any CPU.ActiveCfg = Debug|Any CPU
		{AB24BA80-141D-4E25-BAF4-C716B90E0451}.Debug|Any CPU.Build.0 = Debug|Any CPU
		{AB24BA80-141D-4E25-BAF4-C716B90E0451}.Release|Any CPU.ActiveCfg = Release|Any CPU
		{AB24BA80-141D-4E25-BAF4-C716B90E0451}.Release|Any CPU.Build.0 = Release|Any CPU
		{A2DCEB44-1496-402C-9E3F-A56EB13C6723}.Debug|Any CPU.ActiveCfg = Debug|Any CPU
		{A2DCEB44-1496-402C-9E3F-A56EB13C6723}.Debug|Any CPU.Build.0 = Debug|Any CPU
		{A2DCEB44-1496-402C-9E3F-A56EB13C6723}.Release|Any CPU.ActiveCfg = Release|Any CPU
		{A2DCEB44-1496-402C-9E3F-A56EB13C6723}.Release|Any CPU.Build.0 = Release|Any CPU
		{BEF14607-169A-4821-B2BF-AF2FEED4F6EE}.Debug|Any CPU.ActiveCfg = Debug|Any CPU
		{BEF14607-169A-4821-B2BF-AF2FEED4F6EE}.Debug|Any CPU.Build.0 = Debug|Any CPU
		{BEF14607-169A-4821-B2BF-AF2FEED4F6EE}.Release|Any CPU.ActiveCfg = Release|Any CPU
		{BEF14607-169A-4821-B2BF-AF2FEED4F6EE}.Release|Any CPU.Build.0 = Release|Any CPU
	EndGlobalSection
	GlobalSection(SolutionProperties) = preSolution
		HideSolutionNode = FALSE
	EndGlobalSection
	GlobalSection(ExtensibilityGlobals) = postSolution
		SolutionGuid = {F1E91020-9272-4261-9A94-79C9D1B91447}
	EndGlobalSection
EndGlobal
